{
  "name": "chuni-virtual-base-server",
  "version": "0.1.0",
  "lockfileVersion": 1,
  "requires": true,
  "dependencies": {
    "es6-promise": {
      "version": "4.2.8",
      "resolved": "https://registry.npmjs.org/es6-promise/-/es6-promise-4.2.8.tgz",
      "integrity": "sha512-HJDGx5daxeIvxdBxvG2cb9g4tEvwIk3i8+nhX0yGrYmZUzbkdg8QbDevheDB8gd0//uPj4c1EQua8Q+MViT0/w=="
    },
    "locutus": {
      "version": "2.0.14",
      "resolved": "https://registry.npmjs.org/locutus/-/locutus-2.0.14.tgz",
      "integrity": "sha512-0H1o1iHNEp3kJ5rW57bT/CAP5g6Qm0Zd817Wcx2+rOMTYyIJoc482Ja1v9dB6IUjwvWKcBNdYi7x2lRXtlJ3bA==",
      "requires": {
        "es6-promise": "^4.2.5"
      }
    }
  }
}
